Microsoft Visual Studio Solution File, Format Version 12.00
# Visual Studio Version 17
VisualStudioVersion = 17.5.2.0
MinimumVisualStudioVersion = 10.0.40219.1
Project("{FAE04EC0-301F-11D3-BF4B-00C04F79EFBC}") = "FloresFuertes", "FloresFuertes.csproj", "{806A0955-B00B-B966-3984-46276348057B}"
EndProject
Global
	GlobalSection(SolutionConfigurationPlatforms) = preSolution
		Debug|Any CPU = Debug|Any CPU
		Release|Any CPU = Release|Any CPU
	EndGlobalSection
	GlobalSection(ProjectConfigurationPlatforms) = postSolution
		{806A0955-B00B-B966-3984-46276348057B}.Debug|Any CPU.ActiveCfg = Debug|Any CPU
		{806A0955-B00B-B966-3984-46276348057B}.Debug|Any CPU.Build.0 = Debug|Any CPU
		{806A0955-B00B-B966-3984-46276348057B}.Release|Any CPU.ActiveCfg = Release|Any CPU
		{806A0955-B00B-B966-3984-46276348057B}.Release|Any CPU.Build.0 = Release|Any CPU
	EndGlobalSection
	GlobalSection(SolutionProperties) = preSolution
		HideSolutionNode = FALSE
	EndGlobalSection
	GlobalSection(ExtensibilityGlobals) = postSolution
		SolutionGuid = {E65E6079-502B-43C8-A91B-165DA0ED8082}
	EndGlobalSection
EndGlobal
